
Microsoft Visual Studio Solution File, Format Version 12.00
# Visual Studio 15
VisualStudioVersion = 15.0.26730.15
MinimumVisualStudioVersion = 10.0.40219.1
Project("{FAE04EC0-301F-11D3-BF4B-00C04F79EFBC}") = "AGPWeb", "AGPWeb\AGPWeb.csproj", "{31126C3D-98B9-4206-8ECF-CAB48CA69008}"
EndProject
Project("{FAE04EC0-301F-11D3-BF4B-00C04F79EFBC}") = "AGPWeb.Tests", "AGPWeb.Tests\AGPWeb.Tests.csproj", "{7D9755D7-832E-47BC-9763-EB75E13A2236}"
EndProject
Global
	GlobalSection(SolutionConfigurationPlatforms) = preSolution
		Debug|Any CPU = Debug|Any CPU
		Release|Any CPU = Release|Any CPU
	EndGlobalSection
	GlobalSection(ProjectConfigurationPlatforms) = postSolution
		{31126C3D-98B9-4206-8ECF-CAB48CA69008}.Debug|Any CPU.ActiveCfg = Debug|Any CPU
		{31126C3D-98B9-4206-8ECF-CAB48CA69008}.Debug|Any CPU.Build.0 = Debug|Any CPU
		{31126C3D-98B9-4206-8ECF-CAB48CA69008}.Release|Any CPU.ActiveCfg = Release|Any CPU
		{31126C3D-98B9-4206-8ECF-CAB48CA69008}.Release|Any CPU.Build.0 = Release|Any CPU
		{7D9755D7-832E-47BC-9763-EB75E13A2236}.Debug|Any CPU.ActiveCfg = Debug|Any CPU
		{7D9755D7-832E-47BC-9763-EB75E13A2236}.Debug|Any CPU.Build.0 = Debug|Any CPU
		{7D9755D7-832E-47BC-9763-EB75E13A2236}.Release|Any CPU.ActiveCfg = Release|Any CPU
		{7D9755D7-832E-47BC-9763-EB75E13A2236}.Release|Any CPU.Build.0 = Release|Any CPU
	EndGlobalSection
	GlobalSection(SolutionProperties) = preSolution
		HideSolutionNode = FALSE
	EndGlobalSection
	GlobalSection(ExtensibilityGlobals) = postSolution
		SolutionGuid = {CBB78F6A-625C-4A9D-9534-13E7A3CC9DE3}
	EndGlobalSection
EndGlobal
